
Microsoft Visual Studio Solution File, Format Version 12.00
# Visual Studio Version 16
VisualStudioVersion = 16.0.31911.196
MinimumVisualStudioVersion = 10.0.40219.1
Project("{FAE04EC0-301F-11D3-BF4B-00C04F79EFBC}") = "EvcilHayvan", "EvcilHayvan\EvcilHayvan.csproj", "{658867B3-6F6B-4136-AFCF-3A20ED1353EC}"
EndProject
Global
	GlobalSection(SolutionConfigurationPlatforms) = preSolution
		Debug|Any CPU = Debug|Any CPU
		Release|Any CPU = Release|Any CPU
	EndGlobalSection
	GlobalSection(ProjectConfigurationPlatforms) = postSolution
		{658867B3-6F6B-4136-AFCF-3A20ED1353EC}.Debug|Any CPU.ActiveCfg = Debug|Any CPU
		{658867B3-6F6B-4136-AFCF-3A20ED1353EC}.Debug|Any CPU.Build.0 = Debug|Any CPU
		{658867B3-6F6B-4136-AFCF-3A20ED1353EC}.Release|Any CPU.ActiveCfg = Release|Any CPU
		{658867B3-6F6B-4136-AFCF-3A20ED1353EC}.Release|Any CPU.Build.0 = Release|Any CPU
	EndGlobalSection
	GlobalSection(SolutionProperties) = preSolution
		HideSolutionNode = FALSE
	EndGlobalSection
	GlobalSection(ExtensibilityGlobals) = postSolution
		SolutionGuid = {55D636C3-4B02-48C6-97B2-3B88CB23D61A}
	EndGlobalSection
EndGlobal
